
Microsoft Visual Studio Solution File, Format Version 12.00
# Visual Studio Version 16
VisualStudioVersion = 16.0.31205.134
MinimumVisualStudioVersion = 10.0.40219.1
Project("{8BC9CEB8-8B4A-11D0-8D11-00A0C91BC942}") = "CanteenShoppingSystem", "CanteenShoppingSystem\CanteenShoppingSystem.vcxproj", "{B64976C3-DE32-4125-BEAF-94509484564D}"
EndProject
Global
	GlobalSection(SolutionConfigurationPlatforms) = preSolution
		Debug|x64 = Debug|x64
		Debug|x86 = Debug|x86
		Release|x64 = Release|x64
		Release|x86 = Release|x86
	EndGlobalSection
	GlobalSection(ProjectConfigurationPlatforms) = postSolution
		{B64976C3-DE32-4125-BEAF-94509484564D}.Debug|x64.ActiveCfg = Debug|x64
		{B64976C3-DE32-4125-BEAF-94509484564D}.Debug|x64.Build.0 = Debug|x64
		{B64976C3-DE32-4125-BEAF-94509484564D}.Debug|x86.ActiveCfg = Debug|Win32
		{B64976C3-DE32-4125-BEAF-94509484564D}.Debug|x86.Build.0 = Debug|Win32
		{B64976C3-DE32-4125-BEAF-94509484564D}.Release|x64.ActiveCfg = Release|x64
		{B64976C3-DE32-4125-BEAF-94509484564D}.Release|x64.Build.0 = Release|x64
		{B64976C3-DE32-4125-BEAF-94509484564D}.Release|x86.ActiveCfg = Release|Win32
		{B64976C3-DE32-4125-BEAF-94509484564D}.Release|x86.Build.0 = Release|Win32
	EndGlobalSection
	GlobalSection(SolutionProperties) = preSolution
		HideSolutionNode = FALSE
	EndGlobalSection
	GlobalSection(ExtensibilityGlobals) = postSolution
		SolutionGuid = {D1CA308A-A549-4442-BA3E-9D67B0D22C84}
	EndGlobalSection
EndGlobal
